
Microsoft Visual Studio Solution File, Format Version 12.00
# Visual Studio Version 17
VisualStudioVersion = 17.10.35013.160
MinimumVisualStudioVersion = 10.0.40219.1
Project("{FAE04EC0-301F-11D3-BF4B-00C04F79EFBC}") = "ProjectTodoListApp", "ProjectTodoListApp\ProjectTodoListApp.csproj", "{ACB874DD-A312-4502-9EEC-2EF886261B32}"
EndProject
Global
	GlobalSection(SolutionConfigurationPlatforms) = preSolution
		Debug|Any CPU = Debug|Any CPU
		Release|Any CPU = Release|Any CPU
	EndGlobalSection
	GlobalSection(ProjectConfigurationPlatforms) = postSolution
		{ACB874DD-A312-4502-9EEC-2EF886261B32}.Debug|Any CPU.ActiveCfg = Debug|Any CPU
		{ACB874DD-A312-4502-9EEC-2EF886261B32}.Debug|Any CPU.Build.0 = Debug|Any CPU
		{ACB874DD-A312-4502-9EEC-2EF886261B32}.Release|Any CPU.ActiveCfg = Release|Any CPU
		{ACB874DD-A312-4502-9EEC-2EF886261B32}.Release|Any CPU.Build.0 = Release|Any CPU
	EndGlobalSection
	GlobalSection(SolutionProperties) = preSolution
		HideSolutionNode = FALSE
	EndGlobalSection
	GlobalSection(ExtensibilityGlobals) = postSolution
		SolutionGuid = {B9E46B4E-5691-449F-88D1-A0995936181F}
	EndGlobalSection
EndGlobal
